
Microsoft Visual Studio Solution File, Format Version 12.00
# Visual Studio Version 17
VisualStudioVersion = 17.5.33502.453
MinimumVisualStudioVersion = 10.0.40219.1
Project("{9A19103F-16F7-4668-BE54-9A1E7A4F7556}") = "Tarefas.Api", "src\Tarefas.Api\Tarefas.Api.csproj", "{24DCC4CE-EFCD-4580-A8F8-3C759684DF67}"
EndProject
Project("{9A19103F-16F7-4668-BE54-9A1E7A4F7556}") = "Tarefas.Business", "src\Tarefas.Business\Tarefas.Business.csproj", "{9D5AC8FF-A09F-4C3A-A496-8676A0D81A3D}"
EndProject
Project("{9A19103F-16F7-4668-BE54-9A1E7A4F7556}") = "Tarefas.Data", "src\Tarefas.Data\Tarefas.Data.csproj", "{BD0E5CBE-6FFB-4740-B447-7902E11D0CA5}"
EndProject
Project("{E53339B2-1760-4266-BCC7-CA923CBCF16C}") = "docker-compose", "docker-compose.dcproj", "{3F6D672D-2045-4932-9793-71EB2FB6A314}"
EndProject
Global
	GlobalSection(SolutionConfigurationPlatforms) = preSolution
		Debug|Any CPU = Debug|Any CPU
		Release|Any CPU = Release|Any CPU
	EndGlobalSection
	GlobalSection(ProjectConfigurationPlatforms) = postSolution
		{24DCC4CE-EFCD-4580-A8F8-3C759684DF67}.Debug|Any CPU.ActiveCfg = Debug|Any CPU
		{24DCC4CE-EFCD-4580-A8F8-3C759684DF67}.Debug|Any CPU.Build.0 = Debug|Any CPU
		{24DCC4CE-EFCD-4580-A8F8-3C759684DF67}.Release|Any CPU.ActiveCfg = Release|Any CPU
		{24DCC4CE-EFCD-4580-A8F8-3C759684DF67}.Release|Any CPU.Build.0 = Release|Any CPU
		{9D5AC8FF-A09F-4C3A-A496-8676A0D81A3D}.Debug|Any CPU.ActiveCfg = Debug|Any CPU
		{9D5AC8FF-A09F-4C3A-A496-8676A0D81A3D}.Debug|Any CPU.Build.0 = Debug|Any CPU
		{9D5AC8FF-A09F-4C3A-A496-8676A0D81A3D}.Release|Any CPU.ActiveCfg = Release|Any CPU
		{9D5AC8FF-A09F-4C3A-A496-8676A0D81A3D}.Release|Any CPU.Build.0 = Release|Any CPU
		{BD0E5CBE-6FFB-4740-B447-7902E11D0CA5}.Debug|Any CPU.ActiveCfg = Debug|Any CPU
		{BD0E5CBE-6FFB-4740-B447-7902E11D0CA5}.Debug|Any CPU.Build.0 = Debug|Any CPU
		{BD0E5CBE-6FFB-4740-B447-7902E11D0CA5}.Release|Any CPU.ActiveCfg = Release|Any CPU
		{BD0E5CBE-6FFB-4740-B447-7902E11D0CA5}.Release|Any CPU.Build.0 = Release|Any CPU
		{3F6D672D-2045-4932-9793-71EB2FB6A314}.Debug|Any CPU.ActiveCfg = Debug|Any CPU
		{3F6D672D-2045-4932-9793-71EB2FB6A314}.Debug|Any CPU.Build.0 = Debug|Any CPU
		{3F6D672D-2045-4932-9793-71EB2FB6A314}.Release|Any CPU.ActiveCfg = Release|Any CPU
		{3F6D672D-2045-4932-9793-71EB2FB6A314}.Release|Any CPU.Build.0 = Release|Any CPU
	EndGlobalSection
	GlobalSection(SolutionProperties) = preSolution
		HideSolutionNode = FALSE
	EndGlobalSection
	GlobalSection(ExtensibilityGlobals) = postSolution
		SolutionGuid = {9D152216-DFD3-4AFD-9944-2E7CEA2E6C3A}
	EndGlobalSection
EndGlobal
